
Microsoft Visual Studio Solution File, Format Version 12.00
# Visual Studio Version 17
VisualStudioVersion = 17.5.2.0
MinimumVisualStudioVersion = 10.0.40219.1
Project("{FAE04EC0-301F-11D3-BF4B-00C04F79EFBC}") = "EmailService", "EmailService\EmailService.csproj", "{4CD30345-D9BB-AAF5-029A-3F2C5055EA0A}"
EndProject
Project("{FAE04EC0-301F-11D3-BF4B-00C04F79EFBC}") = "EmailService.Tests", "EmailService.Tests\EmailService.Tests.csproj", "{E62409BC-471D-4DD0-A4AD-85DCA33EC94C}"
EndProject
Global
	GlobalSection(SolutionConfigurationPlatforms) = preSolution
		Debug|Any CPU = Debug|Any CPU
		Debug|x64 = Debug|x64
		Debug|x86 = Debug|x86
		Release|Any CPU = Release|Any CPU
		Release|x64 = Release|x64
		Release|x86 = Release|x86
	EndGlobalSection
	GlobalSection(ProjectConfigurationPlatforms) = postSolution
		{4CD30345-D9BB-AAF5-029A-3F2C5055EA0A}.Debug|Any CPU.ActiveCfg = Debug|Any CPU
		{4CD30345-D9BB-AAF5-029A-3F2C5055EA0A}.Debug|Any CPU.Build.0 = Debug|Any CPU
		{4CD30345-D9BB-AAF5-029A-3F2C5055EA0A}.Debug|x64.ActiveCfg = Debug|Any CPU
		{4CD30345-D9BB-AAF5-029A-3F2C5055EA0A}.Debug|x64.Build.0 = Debug|Any CPU
		{4CD30345-D9BB-AAF5-029A-3F2C5055EA0A}.Debug|x86.ActiveCfg = Debug|Any CPU
		{4CD30345-D9BB-AAF5-029A-3F2C5055EA0A}.Debug|x86.Build.0 = Debug|Any CPU
		{4CD30345-D9BB-AAF5-029A-3F2C5055EA0A}.Release|Any CPU.ActiveCfg = Release|Any CPU
		{4CD30345-D9BB-AAF5-029A-3F2C5055EA0A}.Release|Any CPU.Build.0 = Release|Any CPU
		{4CD30345-D9BB-AAF5-029A-3F2C5055EA0A}.Release|x64.ActiveCfg = Release|Any CPU
		{4CD30345-D9BB-AAF5-029A-3F2C5055EA0A}.Release|x64.Build.0 = Release|Any CPU
		{4CD30345-D9BB-AAF5-029A-3F2C5055EA0A}.Release|x86.ActiveCfg = Release|Any CPU
		{4CD30345-D9BB-AAF5-029A-3F2C5055EA0A}.Release|x86.Build.0 = Release|Any CPU
		{E62409BC-471D-4DD0-A4AD-85DCA33EC94C}.Debug|Any CPU.ActiveCfg = Debug|Any CPU
		{E62409BC-471D-4DD0-A4AD-85DCA33EC94C}.Debug|Any CPU.Build.0 = Debug|Any CPU
		{E62409BC-471D-4DD0-A4AD-85DCA33EC94C}.Debug|x64.ActiveCfg = Debug|Any CPU
		{E62409BC-471D-4DD0-A4AD-85DCA33EC94C}.Debug|x64.Build.0 = Debug|Any CPU
		{E62409BC-471D-4DD0-A4AD-85DCA33EC94C}.Debug|x86.ActiveCfg = Debug|Any CPU
		{E62409BC-471D-4DD0-A4AD-85DCA33EC94C}.Debug|x86.Build.0 = Debug|Any CPU
		{E62409BC-471D-4DD0-A4AD-85DCA33EC94C}.Release|Any CPU.ActiveCfg = Release|Any CPU
		{E62409BC-471D-4DD0-A4AD-85DCA33EC94C}.Release|Any CPU.Build.0 = Release|Any CPU
		{E62409BC-471D-4DD0-A4AD-85DCA33EC94C}.Release|x64.ActiveCfg = Release|Any CPU
		{E62409BC-471D-4DD0-A4AD-85DCA33EC94C}.Release|x64.Build.0 = Release|Any CPU
		{E62409BC-471D-4DD0-A4AD-85DCA33EC94C}.Release|x86.ActiveCfg = Release|Any CPU
		{E62409BC-471D-4DD0-A4AD-85DCA33EC94C}.Release|x86.Build.0 = Release|Any CPU
	EndGlobalSection
	GlobalSection(SolutionProperties) = preSolution
		HideSolutionNode = FALSE
	EndGlobalSection
	GlobalSection(ExtensibilityGlobals) = postSolution
		SolutionGuid = {736AC4DE-3AEA-4CA0-B2ED-1F406A2AED41}
	EndGlobalSection
EndGlobal
